# This file is automatically @generated by Poetry 1.8.3 and should not be changed by hand.

[[package]]
name = "pysqlite3"
version = "0.5.3"
description = "DB-API 2.0 interface for Sqlite 3.x"
optional = false
python-versions = "*"
files = [
    {file = "pysqlite3-0.5.3.tar.gz", hash = "sha256:54a98e05b087c2c064c8d5b58e9b8f403082eadf830d7d30ede4ecf6a5a5f143"},
]

[metadata]
lock-version = "2.0"
python-versions = "^3.10"
content-hash = "8bec1d8a0fb4004d79a9f100b1c31d974921e9d4dbd52a5241b44a6805e12ab8"
